// !$*UTF8*$!
{
	archiveVersion = 1;
	classes = {
	};
	objectVersion = 46;
	objects = {

/* Begin PBXBuildFile section */
		F6DAF4B91696703600F71270 /* Foundation.framework in Frameworks */ = {isa = PBXBuildFile; fileRef = F6DAF4B81696703600F71270 /* Foundation.framework */; };
		F6DAF4BB1696703600F71270 /* UIKit.framework in Frameworks */ = {isa = PBXBuildFile; fileRef = F6DAF4BA1696703600F71270 /* UIKit.framework */; };
		F6DAF4BD1696703600F71270 /* CoreGraphics.framework in Frameworks */ = {isa = PBXBuildFile; fileRef = F6DAF4BC1696703600F71270 /* CoreGraphics.framework */; };
		F6DAF4BF1696703600F71270 /* AddressBook.framework in Frameworks */ = {isa = PBXBuildFile; fileRef = F6DAF4BE1696703600F71270 /* AddressBook.framework */; };
		F6DAF4C11696703600F71270 /* AddressBookUI.framework in Frameworks */ = {isa = PBXBuildFile; fileRef = F6DAF4C01696703600F71270 /* AddressBookUI.framework */; };
		F6DAF4C31696703600F71270 /* AudioToolbox.framework in Frameworks */ = {isa = PBXBuildFile; fileRef = F6DAF4C21696703600F71270 /* AudioToolbox.framework */; };
		F6DAF4C51696703600F71270 /* AVFoundation.framework in Frameworks */ = {isa = PBXBuildFile; fileRef = F6DAF4C41696703600F71270 /* AVFoundation.framework */; };
		F6DAF4C71696703600F71270 /* CoreLocation.framework in Frameworks */ = {isa = PBXBuildFile; fileRef = F6DAF4C61696703600F71270 /* CoreLocation.framework */; };
		F6DAF4C91696703600F71270 /* MediaPlayer.framework in Frameworks */ = {isa = PBXBuildFile; fileRef = F6DAF4C81696703600F71270 /* MediaPlayer.framework */; };
		F6DAF4CB1696703600F71270 /* QuartzCore.framework in Frameworks */ = {isa = PBXBuildFile; fileRef = F6DAF4CA1696703600F71270 /* QuartzCore.framework */; };
		F6DAF4CD1696703600F71270 /* SystemConfiguration.framework in Frameworks */ = {isa = PBXBuildFile; fileRef = F6DAF4CC1696703600F71270 /* SystemConfiguration.framework */; };
		F6DAF4CF1696703600F71270 /* MobileCoreServices.framework in Frameworks */ = {isa = PBXBuildFile; fileRef = F6DAF4CE1696703600F71270 /* MobileCoreServices.framework */; };
		F6DAF4D11696703600F71270 /* CoreMedia.framework in Frameworks */ = {isa = PBXBuildFile; fileRef = F6DAF4D01696703600F71270 /* CoreMedia.framework */; };
		F6DAF4D71696703600F71270 /* InfoPlist.strings in Resources */ = {isa = PBXBuildFile; fileRef = F6DAF4D51696703600F71270 /* InfoPlist.strings */; };
		F6DAF4D91696703600F71270 /* main.m in Sources */ = {isa = PBXBuildFile; fileRef = F6DAF4D81696703600F71270 /* main.m */; };
		F6DAF4E11696703600F71270 /* Localizable.strings in Resources */ = {isa = PBXBuildFile; fileRef = F6DAF4DF1696703600F71270 /* Localizable.strings */; };
		F6DAF4E51696703600F71270 /* Localizable.strings in Resources */ = {isa = PBXBuildFile; fileRef = F6DAF4E31696703600F71270 /* Localizable.strings */; };
		F6DAF4E91696703600F71270 /* Localizable.strings in Resources */ = {isa = PBXBuildFile; fileRef = F6DAF4E71696703600F71270 /* Localizable.strings */; };
		F6DAF4ED1696703600F71270 /* Localizable.strings in Resources */ = {isa = PBXBuildFile; fileRef = F6DAF4EB1696703600F71270 /* Localizable.strings */; };
		F6DAF4F01696703600F71270 /* icon.png in Resources */ = {isa = PBXBuildFile; fileRef = F6DAF4EF1696703600F71270 /* icon.png */; };
		F6DAF4F21696703600F71270 /* icon@2x.png in Resources */ = {isa = PBXBuildFile; fileRef = F6DAF4F11696703600F71270 /* icon@2x.png */; };
		F6DAF4F41696703600F71270 /* icon-72.png in Resources */ = {isa = PBXBuildFile; fileRef = F6DAF4F31696703600F71270 /* icon-72.png */; };
		F6DAF4F71696703600F71270 /* Default~iphone.png in Resources */ = {isa = PBXBuildFile; fileRef = F6DAF4F61696703600F71270 /* Default~iphone.png */; };
		F6DAF4F91696703600F71270 /* Default@2x~iphone.png in Resources */ = {isa = PBXBuildFile; fileRef = F6DAF4F81696703600F71270 /* Default@2x~iphone.png */; };
		F6DAF4FB1696703600F71270 /* Capture.bundle in Resources */ = {isa = PBXBuildFile; fileRef = F6DAF4FA1696703600F71270 /* Capture.bundle */; };
		F6DAF4FD1696703600F71270 /* Cordova.plist in Resources */ = {isa = PBXBuildFile; fileRef = F6DAF4FC1696703600F71270 /* Cordova.plist */; };
		F6DAF5011696703600F71270 /* AppDelegate.m in Sources */ = {isa = PBXBuildFile; fileRef = F6DAF5001696703600F71270 /* AppDelegate.m */; };
		F6DAF5041696703600F71270 /* MainViewController.m in Sources */ = {isa = PBXBuildFile; fileRef = F6DAF5031696703600F71270 /* MainViewController.m */; };
		F6DAF5061696703600F71270 /* MainViewController.xib in Resources */ = {isa = PBXBuildFile; fileRef = F6DAF5051696703600F71270 /* MainViewController.xib */; };
		F6DAF514169671DF00F71270 /* www in Resources */ = {isa = PBXBuildFile; fileRef = F6DAF513169671DF00F71270 /* www */; };
		F6DAF51C1696788500F71270 /* Cordova.framework in Frameworks */ = {isa = PBXBuildFile; fileRef = F6DAF51B1696788500F71270 /* Cordova.framework */; };
		F6DAF520169678EB00F71270 /* wizDevToolsPlugin.m in Sources */ = {isa = PBXBuildFile; fileRef = F6DAF51F169678EB00F71270 /* wizDevToolsPlugin.m */; };
/* End PBXBuildFile section */

/* Begin PBXFileReference section */
		F6DAF4B41696703600F71270 /* exampleWizDevTools.app */ = {isa = PBXFileReference; explicitFileType = wrapper.application; includeInIndex = 0; path = exampleWizDevTools.app; sourceTree = BUILT_PRODUCTS_DIR; };
		F6DAF4B81696703600F71270 /* Foundation.framework */ = {isa = PBXFileReference; lastKnownFileType = wrapper.framework; name = Foundation.framework; path = System/Library/Frameworks/Foundation.framework; sourceTree = SDKROOT; };
		F6DAF4BA1696703600F71270 /* UIKit.framework */ = {isa = PBXFileReference; lastKnownFileType = wrapper.framework; name = UIKit.framework; path = System/Library/Frameworks/UIKit.framework; sourceTree = SDKROOT; };
		F6DAF4BC1696703600F71270 /* CoreGraphics.framework */ = {isa = PBXFileReference; lastKnownFileType = wrapper.framework; name = CoreGraphics.framework; path = System/Library/Frameworks/CoreGraphics.framework; sourceTree = SDKROOT; };
		F6DAF4BE1696703600F71270 /* AddressBook.framework */ = {isa = PBXFileReference; lastKnownFileType = wrapper.framework; name = AddressBook.framework; path = System/Library/Frameworks/AddressBook.framework; sourceTree = SDKROOT; };
		F6DAF4C01696703600F71270 /* AddressBookUI.framework */ = {isa = PBXFileReference; lastKnownFileType = wrapper.framework; name = AddressBookUI.framework; path = System/Library/Frameworks/AddressBookUI.framework; sourceTree = SDKROOT; };
		F6DAF4C21696703600F71270 /* AudioToolbox.framework */ = {isa = PBXFileReference; lastKnownFileType = wrapper.framework; name = AudioToolbox.framework; path = System/Library/Frameworks/AudioToolbox.framework; sourceTree = SDKROOT; };
		F6DAF4C41696703600F71270 /* AVFoundation.framework */ = {isa = PBXFileReference; lastKnownFileType = wrapper.framework; name = AVFoundation.framework; path = System/Library/Frameworks/AVFoundation.framework; sourceTree = SDKROOT; };
		F6DAF4C61696703600F71270 /* CoreLocation.framework */ = {isa = PBXFileReference; lastKnownFileType = wrapper.framework; name = CoreLocation.framework; path = System/Library/Frameworks/CoreLocation.framework; sourceTree = SDKROOT; };
		F6DAF4C81696703600F71270 /* MediaPlayer.framework */ = {isa = PBXFileReference; lastKnownFileType = wrapper.framework; name = MediaPlayer.framework; path = System/Library/Frameworks/MediaPlayer.framework; sourceTree = SDKROOT; };
		F6DAF4CA1696703600F71270 /* QuartzCore.framework */ = {isa = PBXFileReference; lastKnownFileType = wrapper.framework; name = QuartzCore.framework; path = System/Library/Frameworks/QuartzCore.framework; sourceTree = SDKROOT; };
		F6DAF4CC1696703600F71270 /* SystemConfiguration.framework */ = {isa = PBXFileReference; lastKnownFileType = wrapper.framework; name = SystemConfiguration.framework; path = System/Library/Frameworks/SystemConfiguration.framework; sourceTree = SDKROOT; };
		F6DAF4CE1696703600F71270 /* MobileCoreServices.framework */ = {isa = PBXFileReference; lastKnownFileType = wrapper.framework; name = MobileCoreServices.framework; path = System/Library/Frameworks/MobileCoreServices.framework; sourceTree = SDKROOT; };
		F6DAF4D01696703600F71270 /* CoreMedia.framework */ = {isa = PBXFileReference; lastKnownFileType = wrapper.framework; name = CoreMedia.framework; path = System/Library/Frameworks/CoreMedia.framework; sourceTree = SDKROOT; };
		F6DAF4D41696703600F71270 /* exampleWizDevTools-Info.plist */ = {isa = PBXFileReference; lastKnownFileType = text.plist.xml; path = "exampleWizDevTools-Info.plist"; sourceTree = "<group>"; };
		F6DAF4D61696703600F71270 /* en */ = {isa = PBXFileReference; lastKnownFileType = text.plist.strings; name = en; path = en.lproj/InfoPlist.strings; sourceTree = "<group>"; };
		F6DAF4D81696703600F71270 /* main.m */ = {isa = PBXFileReference; lastKnownFileType = sourcecode.c.objc; path = main.m; sourceTree = "<group>"; };
		F6DAF4DA1696703600F71270 /* exampleWizDevTools-Prefix.pch */ = {isa = PBXFileReference; lastKnownFileType = sourcecode.c.h; path = "exampleWizDevTools-Prefix.pch"; sourceTree = "<group>"; };
		F6DAF4E01696703600F71270 /* en */ = {isa = PBXFileReference; lastKnownFileType = text.plist.strings; name = en; path = Resources/en.lproj/Localizable.strings; sourceTree = "<group>"; };
		F6DAF4E41696703600F71270 /* es */ = {isa = PBXFileReference; lastKnownFileType = text.plist.strings; name = es; path = Resources/es.lproj/Localizable.strings; sourceTree = "<group>"; };
		F6DAF4E81696703600F71270 /* de */ = {isa = PBXFileReference; lastKnownFileType = text.plist.strings; name = de; path = Resources/de.lproj/Localizable.strings; sourceTree = "<group>"; };
		F6DAF4EC1696703600F71270 /* se */ = {isa = PBXFileReference; lastKnownFileType = text.plist.strings; name = se; path = Resources/se.lproj/Localizable.strings; sourceTree = "<group>"; };
		F6DAF4EF1696703600F71270 /* icon.png */ = {isa = PBXFileReference; lastKnownFileType = image.png; name = icon.png; path = Resources/icons/icon.png; sourceTree = "<group>"; };
		F6DAF4F11696703600F71270 /* icon@2x.png */ = {isa = PBXFileReference; lastKnownFileType = image.png; name = "icon@2x.png"; path = "Resources/icons/icon@2x.png"; sourceTree = "<group>"; };
		F6DAF4F31696703600F71270 /* icon-72.png */ = {isa = PBXFileReference; lastKnownFileType = image.png; name = "icon-72.png"; path = "Resources/icons/icon-72.png"; sourceTree = "<group>"; };
		F6DAF4F61696703600F71270 /* Default~iphone.png */ = {isa = PBXFileReference; lastKnownFileType = image.png; name = "Default~iphone.png"; path = "Resources/splash/Default~iphone.png"; sourceTree = "<group>"; };
		F6DAF4F81696703600F71270 /* Default@2x~iphone.png */ = {isa = PBXFileReference; lastKnownFileType = image.png; name = "Default@2x~iphone.png"; path = "Resources/splash/Default@2x~iphone.png"; sourceTree = "<group>"; };
		F6DAF4FA1696703600F71270 /* Capture.bundle */ = {isa = PBXFileReference; lastKnownFileType = "wrapper.plug-in"; name = Capture.bundle; path = Resources/Capture.bundle; sourceTree = "<group>"; };
		F6DAF4FC1696703600F71270 /* Cordova.plist */ = {isa = PBXFileReference; lastKnownFileType = text.plist.xml; path = Cordova.plist; sourceTree = "<group>"; };
		F6DAF4FF1696703600F71270 /* AppDelegate.h */ = {isa = PBXFileReference; lastKnownFileType = sourcecode.c.h; name = AppDelegate.h; path = Classes/AppDelegate.h; sourceTree = "<group>"; };
		F6DAF5001696703600F71270 /* AppDelegate.m */ = {isa = PBXFileReference; lastKnownFileType = sourcecode.c.objc; name = AppDelegate.m; path = Classes/AppDelegate.m; sourceTree = "<group>"; };
		F6DAF5021696703600F71270 /* MainViewController.h */ = {isa = PBXFileReference; lastKnownFileType = sourcecode.c.h; name = MainViewController.h; path = Classes/MainViewController.h; sourceTree = "<group>"; };
		F6DAF5031696703600F71270 /* MainViewController.m */ = {isa = PBXFileReference; lastKnownFileType = sourcecode.c.objc; name = MainViewController.m; path = Classes/MainViewController.m; sourceTree = "<group>"; };
		F6DAF5051696703600F71270 /* MainViewController.xib */ = {isa = PBXFileReference; lastKnownFileType = file.xib; name = MainViewController.xib; path = Classes/MainViewController.xib; sourceTree = "<group>"; };
		F6DAF5081696703600F71270 /* README */ = {isa = PBXFileReference; lastKnownFileType = text; name = README; path = Plugins/README; sourceTree = "<group>"; };
		F6DAF5091696703600F71270 /* verify.sh */ = {isa = PBXFileReference; lastKnownFileType = text.script.sh; path = verify.sh; sourceTree = "<group>"; };
		F6DAF513169671DF00F71270 /* www */ = {isa = PBXFileReference; lastKnownFileType = folder; name = www; path = ../www; sourceTree = "<group>"; };
		F6DAF51B1696788500F71270 /* Cordova.framework */ = {isa = PBXFileReference; lastKnownFileType = wrapper.framework; name = Cordova.framework; path = Frameworks/Cordova.framework; sourceTree = "<group>"; };
		F6DAF51E169678EB00F71270 /* wizDevToolsPlugin.h */ = {isa = PBXFileReference; fileEncoding = 4; lastKnownFileType = sourcecode.c.h; path = wizDevToolsPlugin.h; sourceTree = "<group>"; };
		F6DAF51F169678EB00F71270 /* wizDevToolsPlugin.m */ = {isa = PBXFileReference; fileEncoding = 4; lastKnownFileType = sourcecode.c.objc; path = wizDevToolsPlugin.m; sourceTree = "<group>"; };
		F6DAF52516967B5800F71270 /* WizDebugLog.h */ = {isa = PBXFileReference; fileEncoding = 4; lastKnownFileType = sourcecode.c.h; path = WizDebugLog.h; sourceTree = "<group>"; };
/* End PBXFileReference section */

/* Begin PBXFrameworksBuildPhase section */
		F6DAF4AE1696703600F71270 /* Frameworks */ = {
			isa = PBXFrameworksBuildPhase;
			buildActionMask = 2147483647;
			files = (
				F6DAF51C1696788500F71270 /* Cordova.framework in Frameworks */,
				F6DAF4B91696703600F71270 /* Foundation.framework in Frameworks */,
				F6DAF4BB1696703600F71270 /* UIKit.framework in Frameworks */,
				F6DAF4BD1696703600F71270 /* CoreGraphics.framework in Frameworks */,
				F6DAF4BF1696703600F71270 /* AddressBook.framework in Frameworks */,
				F6DAF4C11696703600F71270 /* AddressBookUI.framework in Frameworks */,
				F6DAF4C31696703600F71270 /* AudioToolbox.framework in Frameworks */,
				F6DAF4C51696703600F71270 /* AVFoundation.framework in Frameworks */,
				F6DAF4C71696703600F71270 /* CoreLocation.framework in Frameworks */,
				F6DAF4C91696703600F71270 /* MediaPlayer.framework in Frameworks */,
				F6DAF4CB1696703600F71270 /* QuartzCore.framework in Frameworks */,
				F6DAF4CD1696703600F71270 /* SystemConfiguration.framework in Frameworks */,
				F6DAF4CF1696703600F71270 /* MobileCoreServices.framework in Frameworks */,
				F6DAF4D11696703600F71270 /* CoreMedia.framework in Frameworks */,
			);
			runOnlyForDeploymentPostprocessing = 0;
		};
		F6DAF4B11696703600F71270 /* Frameworks */ = {
			isa = PBXFrameworksBuildPhase;
			buildActionMask = 2147483647;
			files = (
			);
			runOnlyForDeploymentPostprocessing = 0;
		};
/* End PBXFrameworksBuildPhase section */

/* Begin PBXGroup section */
		F6DAF4A61696703600F71270 = {
			isa = PBXGroup;
			children = (
				F6DAF513169671DF00F71270 /* www */,
				F6DAF4D21696703600F71270 /* exampleWizDevTools */,
				F6DAF4B71696703600F71270 /* Frameworks */,
				F6DAF4B51696703600F71270 /* Products */,
			);
			sourceTree = "<group>";
		};
		F6DAF4B51696703600F71270 /* Products */ = {
			isa = PBXGroup;
			children = (
				F6DAF4B41696703600F71270 /* exampleWizDevTools.app */,
			);
			name = Products;
			sourceTree = "<group>";
		};
		F6DAF4B71696703600F71270 /* Frameworks */ = {
			isa = PBXGroup;
			children = (
				F6DAF51B1696788500F71270 /* Cordova.framework */,
				F6DAF4B81696703600F71270 /* Foundation.framework */,
				F6DAF4BA1696703600F71270 /* UIKit.framework */,
				F6DAF4BC1696703600F71270 /* CoreGraphics.framework */,
				F6DAF4BE1696703600F71270 /* AddressBook.framework */,
				F6DAF4C01696703600F71270 /* AddressBookUI.framework */,
				F6DAF4C21696703600F71270 /* AudioToolbox.framework */,
				F6DAF4C41696703600F71270 /* AVFoundation.framework */,
				F6DAF4C61696703600F71270 /* CoreLocation.framework */,
				F6DAF4C81696703600F71270 /* MediaPlayer.framework */,
				F6DAF4CA1696703600F71270 /* QuartzCore.framework */,
				F6DAF4CC1696703600F71270 /* SystemConfiguration.framework */,
				F6DAF4CE1696703600F71270 /* MobileCoreServices.framework */,
				F6DAF4D01696703600F71270 /* CoreMedia.framework */,
			);
			name = Frameworks;
			sourceTree = "<group>";
		};
		F6DAF4D21696703600F71270 /* exampleWizDevTools */ = {
			isa = PBXGroup;
			children = (
				F6DAF4DD1696703600F71270 /* Resources */,
				F6DAF4FE1696703600F71270 /* Classes */,
				F6DAF5071696703600F71270 /* Plugins */,
				F6DAF4D31696703600F71270 /* Supporting Files */,
			);
			path = exampleWizDevTools;
			sourceTree = "<group>";
		};
		F6DAF4D31696703600F71270 /* Supporting Files */ = {
			isa = PBXGroup;
			children = (
				F6DAF4D41696703600F71270 /* exampleWizDevTools-Info.plist */,
				F6DAF4D51696703600F71270 /* InfoPlist.strings */,
				F6DAF4D81696703600F71270 /* main.m */,
				F6DAF4DA1696703600F71270 /* exampleWizDevTools-Prefix.pch */,
				F6DAF4FC1696703600F71270 /* Cordova.plist */,
				F6DAF5051696703600F71270 /* MainViewController.xib */,
				F6DAF5091696703600F71270 /* verify.sh */,
			);
			name = "Supporting Files";
			sourceTree = "<group>";
		};
		F6DAF4DD1696703600F71270 /* Resources */ = {
			isa = PBXGroup;
			children = (
				F6DAF4FA1696703600F71270 /* Capture.bundle */,
				F6DAF4DE1696703600F71270 /* en.lproj */,
				F6DAF4E21696703600F71270 /* es.lproj */,
				F6DAF4E61696703600F71270 /* de.lproj */,
				F6DAF4EA1696703600F71270 /* se.lproj */,
				F6DAF4EE1696703600F71270 /* icons */,
				F6DAF4F51696703600F71270 /* splash */,
			);
			name = Resources;
			sourceTree = "<group>";
		};
		F6DAF4DE1696703600F71270 /* en.lproj */ = {
			isa = PBXGroup;
			children = (
				F6DAF4DF1696703600F71270 /* Localizable.strings */,
			);
			name = en.lproj;
			sourceTree = "<group>";
		};
		F6DAF4E21696703600F71270 /* es.lproj */ = {
			isa = PBXGroup;
			children = (
				F6DAF4E31696703600F71270 /* Localizable.strings */,
			);
			name = es.lproj;
			sourceTree = "<group>";
		};
		F6DAF4E61696703600F71270 /* de.lproj */ = {
			isa = PBXGroup;
			children = (
				F6DAF4E71696703600F71270 /* Localizable.strings */,
			);
			name = de.lproj;
			sourceTree = "<group>";
		};
		F6DAF4EA1696703600F71270 /* se.lproj */ = {
			isa = PBXGroup;
			children = (
				F6DAF4EB1696703600F71270 /* Localizable.strings */,
			);
			name = se.lproj;
			sourceTree = "<group>";
		};
		F6DAF4EE1696703600F71270 /* icons */ = {
			isa = PBXGroup;
			children = (
				F6DAF4EF1696703600F71270 /* icon.png */,
				F6DAF4F11696703600F71270 /* icon@2x.png */,
				F6DAF4F31696703600F71270 /* icon-72.png */,
			);
			name = icons;
			sourceTree = "<group>";
		};
		F6DAF4F51696703600F71270 /* splash */ = {
			isa = PBXGroup;
			children = (
				F6DAF4F61696703600F71270 /* Default~iphone.png */,
				F6DAF4F81696703600F71270 /* Default@2x~iphone.png */,
			);
			name = splash;
			sourceTree = "<group>";
		};
		F6DAF4FE1696703600F71270 /* Classes */ = {
			isa = PBXGroup;
			children = (
				F6DAF4FF1696703600F71270 /* AppDelegate.h */,
				F6DAF5001696703600F71270 /* AppDelegate.m */,
				F6DAF5021696703600F71270 /* MainViewController.h */,
				F6DAF5031696703600F71270 /* MainViewController.m */,
			);
			name = Classes;
			sourceTree = "<group>";
		};
		F6DAF5071696703600F71270 /* Plugins */ = {
			isa = PBXGroup;
			children = (
				F6DAF51D169678EB00F71270 /* wizDevToolsPlugin */,
				F6DAF5081696703600F71270 /* README */,
			);
			name = Plugins;
			sourceTree = "<group>";
		};
		F6DAF51D169678EB00F71270 /* wizDevToolsPlugin */ = {
			isa = PBXGroup;
			children = (
				F6DAF52516967B5800F71270 /* WizDebugLog.h */,
				F6DAF51E169678EB00F71270 /* wizDevToolsPlugin.h */,
				F6DAF51F169678EB00F71270 /* wizDevToolsPlugin.m */,
			);
			name = wizDevToolsPlugin;
			path = ../../../ios/project/Plugins/wizDevToolsPlugin;
			sourceTree = "<group>";
		};
/* End PBXGroup section */

/* Begin PBXNativeTarget section */
		F6DAF4B31696703600F71270 /* exampleWizDevTools */ = {
			isa = PBXNativeTarget;
			buildConfigurationList = F6DAF50C1696703600F71270 /* Build configuration list for PBXNativeTarget "exampleWizDevTools" */;
			buildPhases = (
				F6DAF51A169673F300F71270 /* ShellScript */,
				F6DAF4AD1696703600F71270 /* Sources */,
				F6DAF4AE1696703600F71270 /* Frameworks */,
				F6DAF4AF1696703600F71270 /* Resources */,
				F6DAF4B01696703600F71270 /* Sources */,
				F6DAF4B11696703600F71270 /* Frameworks */,
				F6DAF4B21696703600F71270 /* ShellScript */,
			);
			buildRules = (
			);
			dependencies = (
			);
			name = exampleWizDevTools;
			productName = exampleWizDevTools;
			productReference = F6DAF4B41696703600F71270 /* exampleWizDevTools.app */;
			productType = "com.apple.product-type.application";
		};
/* End PBXNativeTarget section */

/* Begin PBXProject section */
		F6DAF4A81696703600F71270 /* Project object */ = {
			isa = PBXProject;
			attributes = {
				LastUpgradeCheck = 0450;
				ORGANIZATIONNAME = Wizcorp;
			};
			buildConfigurationList = F6DAF4AB1696703600F71270 /* Build configuration list for PBXProject "exampleWizDevTools" */;
			compatibilityVersion = "Xcode 3.2";
			developmentRegion = English;
			hasScannedForEncodings = 0;
			knownRegions = (
				en,
				es,
				de,
				se,
			);
			mainGroup = F6DAF4A61696703600F71270;
			productRefGroup = F6DAF4B51696703600F71270 /* Products */;
			projectDirPath = "";
			projectRoot = "";
			targets = (
				F6DAF4B31696703600F71270 /* exampleWizDevTools */,
			);
		};
/* End PBXProject section */

/* Begin PBXResourcesBuildPhase section */
		F6DAF4AF1696703600F71270 /* Resources */ = {
			isa = PBXResourcesBuildPhase;
			buildActionMask = 2147483647;
			files = (
				F6DAF4D71696703600F71270 /* InfoPlist.strings in Resources */,
				F6DAF4E11696703600F71270 /* Localizable.strings in Resources */,
				F6DAF4E51696703600F71270 /* Localizable.strings in Resources */,
				F6DAF4E91696703600F71270 /* Localizable.strings in Resources */,
				F6DAF4ED1696703600F71270 /* Localizable.strings in Resources */,
				F6DAF4F01696703600F71270 /* icon.png in Resources */,
				F6DAF4F21696703600F71270 /* icon@2x.png in Resources */,
				F6DAF4F41696703600F71270 /* icon-72.png in Resources */,
				F6DAF4F71696703600F71270 /* Default~iphone.png in Resources */,
				F6DAF4F91696703600F71270 /* Default@2x~iphone.png in Resources */,
				F6DAF4FB1696703600F71270 /* Capture.bundle in Resources */,
				F6DAF4FD1696703600F71270 /* Cordova.plist in Resources */,
				F6DAF5061696703600F71270 /* MainViewController.xib in Resources */,
				F6DAF514169671DF00F71270 /* www in Resources */,
			);
			runOnlyForDeploymentPostprocessing = 0;
		};
/* End PBXResourcesBuildPhase section */

/* Begin PBXShellScriptBuildPhase section */
		F6DAF4B21696703600F71270 /* ShellScript */ = {
			isa = PBXShellScriptBuildPhase;
			buildActionMask = 2147483647;
			files = (
			);
			inputPaths = (
			);
			outputPaths = (
			);
			runOnlyForDeploymentPostprocessing = 0;
			shellPath = /bin/bash;
			shellScript = "					";
		};
		F6DAF51A169673F300F71270 /* ShellScript */ = {
			isa = PBXShellScriptBuildPhase;
			buildActionMask = 2147483647;
			files = (
			);
			inputPaths = (
			);
			outputPaths = (
			);
			runOnlyForDeploymentPostprocessing = 0;
			shellPath = /bin/sh;
			shellScript = "mkdir -p $PROJECT_DIR/../www/phonegap\ncp -r $PROJECT_DIR/../../www/phonegap $PROJECT_DIR/../www";
		};
/* End PBXShellScriptBuildPhase section */

/* Begin PBXSourcesBuildPhase section */
		F6DAF4AD1696703600F71270 /* Sources */ = {
			isa = PBXSourcesBuildPhase;
			buildActionMask = 2147483647;
			files = (
				F6DAF4D91696703600F71270 /* main.m in Sources */,
				F6DAF5011696703600F71270 /* AppDelegate.m in Sources */,
				F6DAF5041696703600F71270 /* MainViewController.m in Sources */,
				F6DAF520169678EB00F71270 /* wizDevToolsPlugin.m in Sources */,
			);
			runOnlyForDeploymentPostprocessing = 0;
		};
		F6DAF4B01696703600F71270 /* Sources */ = {
			isa = PBXSourcesBuildPhase;
			buildActionMask = 2147483647;
			files = (
			);
			runOnlyForDeploymentPostprocessing = 0;
		};
/* End PBXSourcesBuildPhase section */

/* Begin PBXVariantGroup section */
		F6DAF4D51696703600F71270 /* InfoPlist.strings */ = {
			isa = PBXVariantGroup;
			children = (
				F6DAF4D61696703600F71270 /* en */,
			);
			name = InfoPlist.strings;
			sourceTree = "<group>";
		};
		F6DAF4DF1696703600F71270 /* Localizable.strings */ = {
			isa = PBXVariantGroup;
			children = (
				F6DAF4E01696703600F71270 /* en */,
			);
			name = Localizable.strings;
			sourceTree = "<group>";
		};
		F6DAF4E31696703600F71270 /* Localizable.strings */ = {
			isa = PBXVariantGroup;
			children = (
				F6DAF4E41696703600F71270 /* es */,
			);
			name = Localizable.strings;
			sourceTree = "<group>";
		};
		F6DAF4E71696703600F71270 /* Localizable.strings */ = {
			isa = PBXVariantGroup;
			children = (
				F6DAF4E81696703600F71270 /* de */,
			);
			name = Localizable.strings;
			sourceTree = "<group>";
		};
		F6DAF4EB1696703600F71270 /* Localizable.strings */ = {
			isa = PBXVariantGroup;
			children = (
				F6DAF4EC1696703600F71270 /* se */,
			);
			name = Localizable.strings;
			sourceTree = "<group>";
		};
/* End PBXVariantGroup section */

/* Begin XCBuildConfiguration section */
		F6DAF50A1696703600F71270 /* Debug */ = {
			isa = XCBuildConfiguration;
			buildSettings = {
				ALWAYS_SEARCH_USER_PATHS = NO;
				ARCHS = (
					armv6,
					"$(ARCHS_STANDARD_32_BIT)",
				);
				CLANG_CXX_LANGUAGE_STANDARD = "gnu++0x";
				CLANG_CXX_LIBRARY = "libc++";
				CLANG_WARN_EMPTY_BODY = YES;
				CLANG_WARN__DUPLICATE_METHOD_MATCH = YES;
				"CODE_SIGN_IDENTITY[sdk=iphoneos*]" = "iPhone Developer";
				COPY_PHASE_STRIP = NO;
				GCC_C_LANGUAGE_STANDARD = gnu99;
				GCC_DYNAMIC_NO_PIC = NO;
				GCC_OPTIMIZATION_LEVEL = 0;
				GCC_PREPROCESSOR_DEFINITIONS = (
					"DEBUG=1",
					"$(inherited)",
				);
				GCC_SYMBOLS_PRIVATE_EXTERN = NO;
				GCC_VERSION = com.apple.compilers.llvm.clang.1_0;
				GCC_WARN_ABOUT_RETURN_TYPE = YES;
				GCC_WARN_UNINITIALIZED_AUTOS = YES;
				GCC_WARN_UNUSED_VARIABLE = YES;
				IPHONEOS_DEPLOYMENT_TARGET = 5.0;
				ONLY_ACTIVE_ARCH = YES;
				SDKROOT = iphoneos;
			};
			name = Debug;
		};
		F6DAF50B1696703600F71270 /* Release */ = {
			isa = XCBuildConfiguration;
			buildSettings = {
				ALWAYS_SEARCH_USER_PATHS = NO;
				ARCHS = (
					armv6,
					"$(ARCHS_STANDARD_32_BIT)",
				);
				CLANG_CXX_LANGUAGE_STANDARD = "gnu++0x";
				CLANG_CXX_LIBRARY = "libc++";
				CLANG_WARN_EMPTY_BODY = YES;
				CLANG_WARN__DUPLICATE_METHOD_MATCH = YES;
				"CODE_SIGN_IDENTITY[sdk=iphoneos*]" = "iPhone Developer";
				COPY_PHASE_STRIP = YES;
				GCC_C_LANGUAGE_STANDARD = gnu99;
				GCC_VERSION = com.apple.compilers.llvm.clang.1_0;
				GCC_WARN_ABOUT_RETURN_TYPE = YES;
				GCC_WARN_UNINITIALIZED_AUTOS = YES;
				GCC_WARN_UNUSED_VARIABLE = YES;
				IPHONEOS_DEPLOYMENT_TARGET = 5.0;
				SDKROOT = iphoneos;
				VALIDATE_PRODUCT = YES;
			};
			name = Release;
		};
		F6DAF50D1696703600F71270 /* Debug */ = {
			isa = XCBuildConfiguration;
			buildSettings = {
				ALWAYS_SEARCH_USER_PATHS = YES;
				COPY_PHASE_STRIP = NO;
				FRAMEWORK_SEARCH_PATHS = (
					"$(inherited)",
					"\"$(SRCROOT)/Frameworks\"",
				);
				GCC_DYNAMIC_NO_PIC = NO;
				GCC_PRECOMPILE_PREFIX_HEADER = YES;
				GCC_PREFIX_HEADER = "exampleWizDevTools/exampleWizDevTools-Prefix.pch";
				GCC_PREPROCESSOR_DEFINITIONS = (
					"DEBUG=1,",
					"CORDOVA_FRAMEWORK=1",
				);
				INFOPLIST_FILE = "exampleWizDevTools/exampleWizDevTools-Info.plist";
				OTHER_LDFLAGS = (
					"-weak_framework",
					UIKit,
					"-weak_framework",
					AVFoundation,
					"-weak_framework",
					CoreMedia,
					"-weak-lSystem",
				);
				PRODUCT_NAME = "$(TARGET_NAME)";
				TARGETED_DEVICE_FAMILY = "1,2";
				WRAPPER_EXTENSION = app;
			};
			name = Debug;
		};
		F6DAF50E1696703600F71270 /* Release */ = {
			isa = XCBuildConfiguration;
			buildSettings = {
				ALWAYS_SEARCH_USER_PATHS = YES;
				COPY_PHASE_STRIP = YES;
				DEBUG_INFORMATION_FORMAT = "dwarf-with-dsym";
				FRAMEWORK_SEARCH_PATHS = (
					"$(inherited)",
					"\"$(SRCROOT)/Frameworks\"",
				);
				GCC_PRECOMPILE_PREFIX_HEADER = YES;
				GCC_PREFIX_HEADER = "exampleWizDevTools/exampleWizDevTools-Prefix.pch";
				GCC_PREPROCESSOR_DEFINITIONS = (
					"NDEBUG=1,",
					"CORDOVA_FRAMEWORK=1",
				);
				INFOPLIST_FILE = "exampleWizDevTools/exampleWizDevTools-Info.plist";
				OTHER_LDFLAGS = (
					"-weak_framework",
					UIKit,
					"-weak_framework",
					AVFoundation,
					"-weak_framework",
					CoreMedia,
					"-weak-lSystem",
				);
				PRODUCT_NAME = "$(TARGET_NAME)";
				TARGETED_DEVICE_FAMILY = "1,2";
				VALIDATE_PRODUCT = YES;
				WRAPPER_EXTENSION = app;
			};
			name = Release;
		};
/* End XCBuildConfiguration section */

/* Begin XCConfigurationList section */
		F6DAF4AB1696703600F71270 /* Build configuration list for PBXProject "exampleWizDevTools" */ = {
			isa = XCConfigurationList;
			buildConfigurations = (
				F6DAF50A1696703600F71270 /* Debug */,
				F6DAF50B1696703600F71270 /* Release */,
			);
			defaultConfigurationIsVisible = 0;
			defaultConfigurationName = Release;
		};
		F6DAF50C1696703600F71270 /* Build configuration list for PBXNativeTarget "exampleWizDevTools" */ = {
			isa = XCConfigurationList;
			buildConfigurations = (
				F6DAF50D1696703600F71270 /* Debug */,
				F6DAF50E1696703600F71270 /* Release */,
			);
			defaultConfigurationIsVisible = 0;
			defaultConfigurationName = Release;
		};
/* End XCConfigurationList section */
	};
	rootObject = F6DAF4A81696703600F71270 /* Project object */;
}
